
Microsoft Visual Studio Solution File, Format Version 12.00
# Visual Studio Version 17
VisualStudioVersion = 17.8.34330.188
MinimumVisualStudioVersion = 10.0.40219.1
Project("{9A19103F-16F7-4668-BE54-9A1E7A4F7556}") = "iCareWebApplication", "iCareWebApplication.csproj", "{111F9A69-76C4-4A42-A5D5-413D23D966F3}"
EndProject
Global
	GlobalSection(SolutionConfigurationPlatforms) = preSolution
		Debug|Any CPU = Debug|Any CPU
		Release|Any CPU = Release|Any CPU
	EndGlobalSection
	GlobalSection(ProjectConfigurationPlatforms) = postSolution
		{111F9A69-76C4-4A42-A5D5-413D23D966F3}.Debug|Any CPU.ActiveCfg = Debug|Any CPU
		{111F9A69-76C4-4A42-A5D5-413D23D966F3}.Debug|Any CPU.Build.0 = Debug|Any CPU
		{111F9A69-76C4-4A42-A5D5-413D23D966F3}.Release|Any CPU.ActiveCfg = Release|Any CPU
		{111F9A69-76C4-4A42-A5D5-413D23D966F3}.Release|Any CPU.Build.0 = Release|Any CPU
	EndGlobalSection
	GlobalSection(SolutionProperties) = preSolution
		HideSolutionNode = FALSE
	EndGlobalSection
	GlobalSection(ExtensibilityGlobals) = postSolution
		SolutionGuid = {9A1F2908-AD6F-4336-9BE1-A40082F24BBD}
	EndGlobalSection
EndGlobal
